
Microsoft Visual Studio Solution File, Format Version 12.00
# Visual Studio Version 17
VisualStudioVersion = 17.6.33829.357
MinimumVisualStudioVersion = 10.0.40219.1
Project("{9A19103F-16F7-4668-BE54-9A1E7A4F7556}") = "Database_First", "Database_First\Database_First.csproj", "{2C7ED44E-4DFD-4E76-AA63-AB5A6D8BE481}"
EndProject
Project("{9A19103F-16F7-4668-BE54-9A1E7A4F7556}") = "OnConfiguringFonksiyonu", "OnConfiguringFonksiyonu\OnConfiguringFonksiyonu.csproj", "{30E3C2DA-3806-4D47-84EF-0BF0D190C7C0}"
EndProject
Project("{9A19103F-16F7-4668-BE54-9A1E7A4F7556}") = "VeriKaliciligi_EfCoreIleVeriEklemeDetaylari", "VeriKaliciligi_EfCoreIleVeriEklemeDetaylari\VeriKaliciligi_EfCoreIleVeriEklemeDetaylari.csproj", "{613C7313-4ACD-490B-8F77-499307FCE9AB}"
EndProject
Project("{9A19103F-16F7-4668-BE54-9A1E7A4F7556}") = "VeriKaciligi_EfCoreIleVeriGüncellemeDetayları", "VeriKaciligi_EfCoreIleVeriGüncellemeDetayları\VeriKaciligi_EfCoreIleVeriGüncellemeDetayları.csproj", "{77F91A86-4E62-4B64-B606-4812F01119DB}"
EndProject
Project("{9A19103F-16F7-4668-BE54-9A1E7A4F7556}") = "Querying", "Querying\Querying.csproj", "{31A1FB47-7E0E-40AE-847C-4ED8CFDA5926}"
EndProject
Project("{9A19103F-16F7-4668-BE54-9A1E7A4F7556}") = "ChangeTracker", "ChangeTracker\ChangeTracker.csproj", "{F6D99F67-FB6B-4221-BC31-D7D9E3DE3B5A}"
EndProject
Project("{9A19103F-16F7-4668-BE54-9A1E7A4F7556}") = "Tracking", "Tracking\Tracking.csproj", "{3FE790AC-A519-4605-9DF9-A0F8350E7048}"
EndProject
Project("{9A19103F-16F7-4668-BE54-9A1E7A4F7556}") = "Relationships", "Relationships\Relationships.csproj", "{D81BDA00-7F40-4FD8-9C23-FD13782E1CE8}"
EndProject
Project("{9A19103F-16F7-4668-BE54-9A1E7A4F7556}") = "One_to_One_Relationship", "One_to_One_Relationship\One_to_One_Relationship.csproj", "{1CAC048B-98C8-45D3-AFC8-73AC5D45F38A}"
EndProject
Project("{9A19103F-16F7-4668-BE54-9A1E7A4F7556}") = "One_to_Many_Relationship", "One_to_Many_Relationship\One_to_Many_Relationship.csproj", "{580ECDB2-7BD5-4B9C-8B69-9DA7D2FFF7A7}"
EndProject
Project("{9A19103F-16F7-4668-BE54-9A1E7A4F7556}") = "Many_to_Many_Relationship", "Many_to_Many_Relationship\Many_to_Many_Relationship.csproj", "{03D2B581-A691-4785-AD32-29A5894FDF58}"
EndProject
Project("{9A19103F-16F7-4668-BE54-9A1E7A4F7556}") = "IliskiselSenaryolardaVeriEklemeDavranislari", "IliskiselSenaryolardaVeriEklemeDavranislari\IliskiselSenaryolardaVeriEklemeDavranislari.csproj", "{9F66F80E-DD82-45D5-8E7D-A38C23DCDCDF}"
EndProject
Project("{9A19103F-16F7-4668-BE54-9A1E7A4F7556}") = "IliskiselSenaryolardaVeriGuncellemeDavranislari", "IliskiselSenaryolardaVeriGuncellemeDavranislari\IliskiselSenaryolardaVeriGuncellemeDavranislari.csproj", "{9D43E1B2-1AF0-4A83-8DE0-C4F6CF87C9F5}"
EndProject
Project("{9A19103F-16F7-4668-BE54-9A1E7A4F7556}") = "IliskiselSenaryolardaVeriSilmeDavranislari", "IliskiselSenaryolardaVeriSilmeDavranislari\IliskiselSenaryolardaVeriSilmeDavranislari.csproj", "{26635E98-D0EE-4674-9F59-20014A5E0992}"
EndProject
Project("{9A19103F-16F7-4668-BE54-9A1E7A4F7556}") = "Backing_Fields", "Backing_Fields\Backing_Fields.csproj", "{1D3FF222-E042-455D-B234-33AD4C787649}"
EndProject
Project("{9A19103F-16F7-4668-BE54-9A1E7A4F7556}") = "Shadow_Property", "Shadow_Property\Shadow_Property.csproj", "{7CB8BC9A-A9CD-470E-9712-887ACA6CAFA6}"
EndProject
Project("{9A19103F-16F7-4668-BE54-9A1E7A4F7556}") = "EF_Core_Configurations", "EF_Core_Configurations\EF_Core_Configurations.csproj", "{B2C50D2B-1F69-4A08-B7A7-EB1F1EBCB5A6}"
EndProject
Project("{9A19103F-16F7-4668-BE54-9A1E7A4F7556}") = "Generated_Values", "Generated_Values\Generated_Values.csproj", "{33E84208-85D1-48F0-878F-D69AAFFAC144}"
EndProject
Project("{9A19103F-16F7-4668-BE54-9A1E7A4F7556}") = "Separate_Configuration_Classes", "Separate_Configuration_Classes\Separate_Configuration_Classes.csproj", "{E9ADFBCE-BE88-441D-9CA8-B3F8DA382B0E}"
EndProject
Project("{9A19103F-16F7-4668-BE54-9A1E7A4F7556}") = "Data_Seeding", "Data_Seeding\Data_Seeding.csproj", "{F45B9F5B-9A68-4AF0-8CC5-B6EBB3AABBD0}"
EndProject
Project("{9A19103F-16F7-4668-BE54-9A1E7A4F7556}") = "Inheritance_Table_Per_Hierarchy", "Inheritance_Table_Per_Hierarchy\Inheritance_Table_Per_Hierarchy.csproj", "{13AA81EA-5BDD-4392-B0D2-F2099975A307}"
EndProject
Project("{9A19103F-16F7-4668-BE54-9A1E7A4F7556}") = "Inheritance_Table_Per_Type", "Inheritance_Table_Per_Type\Inheritance_Table_Per_Type.csproj", "{D68E8CAC-485F-43B9-A5D5-5E24EF6AE70F}"
EndProject
Project("{9A19103F-16F7-4668-BE54-9A1E7A4F7556}") = "Inheritance_Table_Per_Concrete_Type", "Inheritance_Table_Per_Concrete_Type\Inheritance_Table_Per_Concrete_Type.csproj", "{C46A466A-59C8-41C5-AD91-5BB162A49795}"
EndProject
Project("{9A19103F-16F7-4668-BE54-9A1E7A4F7556}") = "Constraints", "Constraints\Constraints.csproj", "{30AA643B-22BF-45D5-8A15-BA96A4BE1CDE}"
EndProject
Project("{9A19103F-16F7-4668-BE54-9A1E7A4F7556}") = "Indexes", "Indexes\Indexes.csproj", "{F9E82D64-64AD-4793-8E6B-8C8632EC2F0D}"
EndProject
Project("{9A19103F-16F7-4668-BE54-9A1E7A4F7556}") = "Sequences", "Sequences\Sequences.csproj", "{390455CB-DFA6-4637-A0A5-183CDBA14F6A}"
EndProject
Project("{9A19103F-16F7-4668-BE54-9A1E7A4F7556}") = "Loading_Related_Data", "Loading_Related_Data\Loading_Related_Data.csproj", "{4570390F-03CF-45FD-9F63-6759E0799EC8}"
EndProject
Project("{9A19103F-16F7-4668-BE54-9A1E7A4F7556}") = "Explicit_Loading", "Explicit_Loading\Explicit_Loading.csproj", "{22166753-A0DA-4CC4-A226-D3F310C3FA52}"
EndProject
Project("{9A19103F-16F7-4668-BE54-9A1E7A4F7556}") = "Lazy_Loading", "Lazy_Loading\Lazy_Loading.csproj", "{A5D14BDF-18C7-4D8D-BD19-0DE4CD637EB9}"
EndProject
Project("{9A19103F-16F7-4668-BE54-9A1E7A4F7556}") = "Complex_Relational_Queries", "Complex_Relational_Queries\Complex_Relational_Queries.csproj", "{775FDFF4-91E8-45EB-89B4-0B1B1EFBE8F8}"
EndProject
Project("{9A19103F-16F7-4668-BE54-9A1E7A4F7556}") = "Sql_Queries", "Sql_Queries\Sql_Queries.csproj", "{311298A0-BE32-4E24-B047-98F12FBD66EC}"
EndProject
Project("{9A19103F-16F7-4668-BE54-9A1E7A4F7556}") = "Views", "Views\Views.csproj", "{52597103-F509-40CF-98AD-57AE33D79A40}"
EndProject
Project("{9A19103F-16F7-4668-BE54-9A1E7A4F7556}") = "Stored_Procedures", "Stored_Procedures\Stored_Procedures.csproj", "{775040CC-72C5-4530-A924-EB60EAB0CCB7}"
EndProject
Project("{9A19103F-16F7-4668-BE54-9A1E7A4F7556}") = "Functions", "Functions\Functions.csproj", "{831DAFE7-3930-4F76-B1E6-54FB9A7C6D4C}"
EndProject
Project("{9A19103F-16F7-4668-BE54-9A1E7A4F7556}") = "EfCoreAdoNet", "EfCoreAdoNet\EfCoreAdoNet.csproj", "{FB0FF790-3A1E-4431-BC62-E1B0D0C16ABB}"
EndProject
Project("{9A19103F-16F7-4668-BE54-9A1E7A4F7556}") = "Keyless_Entity_Types", "Keyless_Entity_Types\Keyless_Entity_Types.csproj", "{F4D6DDBA-A26F-4877-9236-1CE06CB6F47C}"
EndProject
Project("{9A19103F-16F7-4668-BE54-9A1E7A4F7556}") = "EF_Core_Logging", "EF_Core_Logging\EF_Core_Logging.csproj", "{AA08995B-6995-446C-BC69-FBBCF19C65FE}"
EndProject
Project("{9A19103F-16F7-4668-BE54-9A1E7A4F7556}") = "Query_Tag", "Query_Tag\Query_Tag.csproj", "{E8847A11-1A87-402A-93AD-A589F2653839}"
EndProject
Project("{9A19103F-16F7-4668-BE54-9A1E7A4F7556}") = "Query_Log", "Query_Log\Query_Log.csproj", "{E164E582-54AB-4FEC-A2B5-B422EB00D64E}"
EndProject
Project("{9A19103F-16F7-4668-BE54-9A1E7A4F7556}") = "Global_Query_Filters", "Global_Query_Filters\Global_Query_Filters.csproj", "{468BF4F2-05B1-4DE1-B66E-0A08A86E18BD}"
EndProject
Project("{9A19103F-16F7-4668-BE54-9A1E7A4F7556}") = "Owned_Entities_and_Table_Splitting", "Owned_Entities_and_Table_Splitting\Owned_Entities_and_Table_Splitting.csproj", "{A5216062-135C-4057-9037-2BAE38C36218}"
EndProject
Project("{9A19103F-16F7-4668-BE54-9A1E7A4F7556}") = "Temporal_Tables", "Temporal_Tables\Temporal_Tables.csproj", "{5AB241DC-038F-4CC0-A0DE-ABE7F03C6726}"
EndProject
Project("{9A19103F-16F7-4668-BE54-9A1E7A4F7556}") = "Connection_Resiliency", "Connection_Resiliency\Connection_Resiliency.csproj", "{E77BB296-8F67-46D2-A70C-4BD4AF132835}"
EndProject
Project("{9A19103F-16F7-4668-BE54-9A1E7A4F7556}") = "Data_Concurrency", "Data_Concurrency\Data_Concurrency.csproj", "{523909C2-3795-45D0-8293-301A7D14F437}"
EndProject
Project("{9A19103F-16F7-4668-BE54-9A1E7A4F7556}") = "Value_Conversions", "Value_Conversions\Value_Conversions.csproj", "{563E9FE1-18EB-4719-8E26-24EBDAF14582}"
EndProject
Project("{FAE04EC0-301F-11D3-BF4B-00C04F79EFBC}") = "Transaction", "Transaction\Transaction.csproj", "{A4A8407D-5C12-4D42-A19D-35B0FC9F9164}"
EndProject
Project("{FAE04EC0-301F-11D3-BF4B-00C04F79EFBC}") = "EF_Core_In_Memory_Database", "EF_Core_In_Memory_Database\EF_Core_In_Memory_Database.csproj", "{F7F5612D-374F-45A5-9028-7170603AF368}"
EndProject
Project("{FAE04EC0-301F-11D3-BF4B-00C04F79EFBC}") = "EF_Core_Efficient_Querying", "EF_Core_Efficient_Querying\EF_Core_Efficient_Querying.csproj", "{DFF0C162-30B8-4720-A254-0DFE04FA5214}"
EndProject
Global
	GlobalSection(SolutionConfigurationPlatforms) = preSolution
		Debug|Any CPU = Debug|Any CPU
		Release|Any CPU = Release|Any CPU
	EndGlobalSection
	GlobalSection(ProjectConfigurationPlatforms) = postSolution
		{2C7ED44E-4DFD-4E76-AA63-AB5A6D8BE481}.Debug|Any CPU.ActiveCfg = Debug|Any CPU
		{2C7ED44E-4DFD-4E76-AA63-AB5A6D8BE481}.Debug|Any CPU.Build.0 = Debug|Any CPU
		{2C7ED44E-4DFD-4E76-AA63-AB5A6D8BE481}.Release|Any CPU.ActiveCfg = Release|Any CPU
		{2C7ED44E-4DFD-4E76-AA63-AB5A6D8BE481}.Release|Any CPU.Build.0 = Release|Any CPU
		{30E3C2DA-3806-4D47-84EF-0BF0D190C7C0}.Debug|Any CPU.ActiveCfg = Debug|Any CPU
		{30E3C2DA-3806-4D47-84EF-0BF0D190C7C0}.Debug|Any CPU.Build.0 = Debug|Any CPU
		{30E3C2DA-3806-4D47-84EF-0BF0D190C7C0}.Release|Any CPU.ActiveCfg = Release|Any CPU
		{30E3C2DA-3806-4D47-84EF-0BF0D190C7C0}.Release|Any CPU.Build.0 = Release|Any CPU
		{613C7313-4ACD-490B-8F77-499307FCE9AB}.Debug|Any CPU.ActiveCfg = Debug|Any CPU
		{613C7313-4ACD-490B-8F77-499307FCE9AB}.Debug|Any CPU.Build.0 = Debug|Any CPU
		{613C7313-4ACD-490B-8F77-499307FCE9AB}.Release|Any CPU.ActiveCfg = Release|Any CPU
		{613C7313-4ACD-490B-8F77-499307FCE9AB}.Release|Any CPU.Build.0 = Release|Any CPU
		{77F91A86-4E62-4B64-B606-4812F01119DB}.Debug|Any CPU.ActiveCfg = Debug|Any CPU
		{77F91A86-4E62-4B64-B606-4812F01119DB}.Debug|Any CPU.Build.0 = Debug|Any CPU
		{77F91A86-4E62-4B64-B606-4812F01119DB}.Release|Any CPU.ActiveCfg = Release|Any CPU
		{77F91A86-4E62-4B64-B606-4812F01119DB}.Release|Any CPU.Build.0 = Release|Any CPU
		{31A1FB47-7E0E-40AE-847C-4ED8CFDA5926}.Debug|Any CPU.ActiveCfg = Debug|Any CPU
		{31A1FB47-7E0E-40AE-847C-4ED8CFDA5926}.Debug|Any CPU.Build.0 = Debug|Any CPU
		{31A1FB47-7E0E-40AE-847C-4ED8CFDA5926}.Release|Any CPU.ActiveCfg = Release|Any CPU
		{31A1FB47-7E0E-40AE-847C-4ED8CFDA5926}.Release|Any CPU.Build.0 = Release|Any CPU
		{F6D99F67-FB6B-4221-BC31-D7D9E3DE3B5A}.Debug|Any CPU.ActiveCfg = Debug|Any CPU
		{F6D99F67-FB6B-4221-BC31-D7D9E3DE3B5A}.Debug|Any CPU.Build.0 = Debug|Any CPU
		{F6D99F67-FB6B-4221-BC31-D7D9E3DE3B5A}.Release|Any CPU.ActiveCfg = Release|Any CPU
		{F6D99F67-FB6B-4221-BC31-D7D9E3DE3B5A}.Release|Any CPU.Build.0 = Release|Any CPU
		{3FE790AC-A519-4605-9DF9-A0F8350E7048}.Debug|Any CPU.ActiveCfg = Debug|Any CPU
		{3FE790AC-A519-4605-9DF9-A0F8350E7048}.Debug|Any CPU.Build.0 = Debug|Any CPU
		{3FE790AC-A519-4605-9DF9-A0F8350E7048}.Release|Any CPU.ActiveCfg = Release|Any CPU
		{3FE790AC-A519-4605-9DF9-A0F8350E7048}.Release|Any CPU.Build.0 = Release|Any CPU
		{D81BDA00-7F40-4FD8-9C23-FD13782E1CE8}.Debug|Any CPU.ActiveCfg = Debug|Any CPU
		{D81BDA00-7F40-4FD8-9C23-FD13782E1CE8}.Debug|Any CPU.Build.0 = Debug|Any CPU
		{D81BDA00-7F40-4FD8-9C23-FD13782E1CE8}.Release|Any CPU.ActiveCfg = Release|Any CPU
		{D81BDA00-7F40-4FD8-9C23-FD13782E1CE8}.Release|Any CPU.Build.0 = Release|Any CPU
		{1CAC048B-98C8-45D3-AFC8-73AC5D45F38A}.Debug|Any CPU.ActiveCfg = Debug|Any CPU
		{1CAC048B-98C8-45D3-AFC8-73AC5D45F38A}.Debug|Any CPU.Build.0 = Debug|Any CPU
		{1CAC048B-98C8-45D3-AFC8-73AC5D45F38A}.Release|Any CPU.ActiveCfg = Release|Any CPU
		{1CAC048B-98C8-45D3-AFC8-73AC5D45F38A}.Release|Any CPU.Build.0 = Release|Any CPU
		{580ECDB2-7BD5-4B9C-8B69-9DA7D2FFF7A7}.Debug|Any CPU.ActiveCfg = Debug|Any CPU
		{580ECDB2-7BD5-4B9C-8B69-9DA7D2FFF7A7}.Debug|Any CPU.Build.0 = Debug|Any CPU
		{580ECDB2-7BD5-4B9C-8B69-9DA7D2FFF7A7}.Release|Any CPU.ActiveCfg = Release|Any CPU
		{580ECDB2-7BD5-4B9C-8B69-9DA7D2FFF7A7}.Release|Any CPU.Build.0 = Release|Any CPU
		{03D2B581-A691-4785-AD32-29A5894FDF58}.Debug|Any CPU.ActiveCfg = Debug|Any CPU
		{03D2B581-A691-4785-AD32-29A5894FDF58}.Debug|Any CPU.Build.0 = Debug|Any CPU
		{03D2B581-A691-4785-AD32-29A5894FDF58}.Release|Any CPU.ActiveCfg = Release|Any CPU
		{03D2B581-A691-4785-AD32-29A5894FDF58}.Release|Any CPU.Build.0 = Release|Any CPU
		{9F66F80E-DD82-45D5-8E7D-A38C23DCDCDF}.Debug|Any CPU.ActiveCfg = Debug|Any CPU
		{9F66F80E-DD82-45D5-8E7D-A38C23DCDCDF}.Debug|Any CPU.Build.0 = Debug|Any CPU
		{9F66F80E-DD82-45D5-8E7D-A38C23DCDCDF}.Release|Any CPU.ActiveCfg = Release|Any CPU
		{9F66F80E-DD82-45D5-8E7D-A38C23DCDCDF}.Release|Any CPU.Build.0 = Release|Any CPU
		{9D43E1B2-1AF0-4A83-8DE0-C4F6CF87C9F5}.Debug|Any CPU.ActiveCfg = Debug|Any CPU
		{9D43E1B2-1AF0-4A83-8DE0-C4F6CF87C9F5}.Debug|Any CPU.Build.0 = Debug|Any CPU
		{9D43E1B2-1AF0-4A83-8DE0-C4F6CF87C9F5}.Release|Any CPU.ActiveCfg = Release|Any CPU
		{9D43E1B2-1AF0-4A83-8DE0-C4F6CF87C9F5}.Release|Any CPU.Build.0 = Release|Any CPU
		{26635E98-D0EE-4674-9F59-20014A5E0992}.Debug|Any CPU.ActiveCfg = Debug|Any CPU
		{26635E98-D0EE-4674-9F59-20014A5E0992}.Debug|Any CPU.Build.0 = Debug|Any CPU
		{26635E98-D0EE-4674-9F59-20014A5E0992}.Release|Any CPU.ActiveCfg = Release|Any CPU
		{26635E98-D0EE-4674-9F59-20014A5E0992}.Release|Any CPU.Build.0 = Release|Any CPU
		{1D3FF222-E042-455D-B234-33AD4C787649}.Debug|Any CPU.ActiveCfg = Debug|Any CPU
		{1D3FF222-E042-455D-B234-33AD4C787649}.Debug|Any CPU.Build.0 = Debug|Any CPU
		{1D3FF222-E042-455D-B234-33AD4C787649}.Release|Any CPU.ActiveCfg = Release|Any CPU
		{1D3FF222-E042-455D-B234-33AD4C787649}.Release|Any CPU.Build.0 = Release|Any CPU
		{7CB8BC9A-A9CD-470E-9712-887ACA6CAFA6}.Debug|Any CPU.ActiveCfg = Debug|Any CPU
		{7CB8BC9A-A9CD-470E-9712-887ACA6CAFA6}.Debug|Any CPU.Build.0 = Debug|Any CPU
		{7CB8BC9A-A9CD-470E-9712-887ACA6CAFA6}.Release|Any CPU.ActiveCfg = Release|Any CPU
		{7CB8BC9A-A9CD-470E-9712-887ACA6CAFA6}.Release|Any CPU.Build.0 = Release|Any CPU
		{B2C50D2B-1F69-4A08-B7A7-EB1F1EBCB5A6}.Debug|Any CPU.ActiveCfg = Debug|Any CPU
		{B2C50D2B-1F69-4A08-B7A7-EB1F1EBCB5A6}.Debug|Any CPU.Build.0 = Debug|Any CPU
		{B2C50D2B-1F69-4A08-B7A7-EB1F1EBCB5A6}.Release|Any CPU.ActiveCfg = Release|Any CPU
		{B2C50D2B-1F69-4A08-B7A7-EB1F1EBCB5A6}.Release|Any CPU.Build.0 = Release|Any CPU
		{33E84208-85D1-48F0-878F-D69AAFFAC144}.Debug|Any CPU.ActiveCfg = Debug|Any CPU
		{33E84208-85D1-48F0-878F-D69AAFFAC144}.Debug|Any CPU.Build.0 = Debug|Any CPU
		{33E84208-85D1-48F0-878F-D69AAFFAC144}.Release|Any CPU.ActiveCfg = Release|Any CPU
		{33E84208-85D1-48F0-878F-D69AAFFAC144}.Release|Any CPU.Build.0 = Release|Any CPU
		{E9ADFBCE-BE88-441D-9CA8-B3F8DA382B0E}.Debug|Any CPU.ActiveCfg = Debug|Any CPU
		{E9ADFBCE-BE88-441D-9CA8-B3F8DA382B0E}.Debug|Any CPU.Build.0 = Debug|Any CPU
		{E9ADFBCE-BE88-441D-9CA8-B3F8DA382B0E}.Release|Any CPU.ActiveCfg = Release|Any CPU
		{E9ADFBCE-BE88-441D-9CA8-B3F8DA382B0E}.Release|Any CPU.Build.0 = Release|Any CPU
		{F45B9F5B-9A68-4AF0-8CC5-B6EBB3AABBD0}.Debug|Any CPU.ActiveCfg = Debug|Any CPU
		{F45B9F5B-9A68-4AF0-8CC5-B6EBB3AABBD0}.Debug|Any CPU.Build.0 = Debug|Any CPU
		{F45B9F5B-9A68-4AF0-8CC5-B6EBB3AABBD0}.Release|Any CPU.ActiveCfg = Release|Any CPU
		{F45B9F5B-9A68-4AF0-8CC5-B6EBB3AABBD0}.Release|Any CPU.Build.0 = Release|Any CPU
		{13AA81EA-5BDD-4392-B0D2-F2099975A307}.Debug|Any CPU.ActiveCfg = Debug|Any CPU
		{13AA81EA-5BDD-4392-B0D2-F2099975A307}.Debug|Any CPU.Build.0 = Debug|Any CPU
		{13AA81EA-5BDD-4392-B0D2-F2099975A307}.Release|Any CPU.ActiveCfg = Release|Any CPU
		{13AA81EA-5BDD-4392-B0D2-F2099975A307}.Release|Any CPU.Build.0 = Release|Any CPU
		{D68E8CAC-485F-43B9-A5D5-5E24EF6AE70F}.Debug|Any CPU.ActiveCfg = Debug|Any CPU
		{D68E8CAC-485F-43B9-A5D5-5E24EF6AE70F}.Debug|Any CPU.Build.0 = Debug|Any CPU
		{D68E8CAC-485F-43B9-A5D5-5E24EF6AE70F}.Release|Any CPU.ActiveCfg = Release|Any CPU
		{D68E8CAC-485F-43B9-A5D5-5E24EF6AE70F}.Release|Any CPU.Build.0 = Release|Any CPU
		{C46A466A-59C8-41C5-AD91-5BB162A49795}.Debug|Any CPU.ActiveCfg = Debug|Any CPU
		{C46A466A-59C8-41C5-AD91-5BB162A49795}.Debug|Any CPU.Build.0 = Debug|Any CPU
		{C46A466A-59C8-41C5-AD91-5BB162A49795}.Release|Any CPU.ActiveCfg = Release|Any CPU
		{C46A466A-59C8-41C5-AD91-5BB162A49795}.Release|Any CPU.Build.0 = Release|Any CPU
		{30AA643B-22BF-45D5-8A15-BA96A4BE1CDE}.Debug|Any CPU.ActiveCfg = Debug|Any CPU
		{30AA643B-22BF-45D5-8A15-BA96A4BE1CDE}.Debug|Any CPU.Build.0 = Debug|Any CPU
		{30AA643B-22BF-45D5-8A15-BA96A4BE1CDE}.Release|Any CPU.ActiveCfg = Release|Any CPU
		{30AA643B-22BF-45D5-8A15-BA96A4BE1CDE}.Release|Any CPU.Build.0 = Release|Any CPU
		{F9E82D64-64AD-4793-8E6B-8C8632EC2F0D}.Debug|Any CPU.ActiveCfg = Debug|Any CPU
		{F9E82D64-64AD-4793-8E6B-8C8632EC2F0D}.Debug|Any CPU.Build.0 = Debug|Any CPU
		{F9E82D64-64AD-4793-8E6B-8C8632EC2F0D}.Release|Any CPU.ActiveCfg = Release|Any CPU
		{F9E82D64-64AD-4793-8E6B-8C8632EC2F0D}.Release|Any CPU.Build.0 = Release|Any CPU
		{390455CB-DFA6-4637-A0A5-183CDBA14F6A}.Debug|Any CPU.ActiveCfg = Debug|Any CPU
		{390455CB-DFA6-4637-A0A5-183CDBA14F6A}.Debug|Any CPU.Build.0 = Debug|Any CPU
		{390455CB-DFA6-4637-A0A5-183CDBA14F6A}.Release|Any CPU.ActiveCfg = Release|Any CPU
		{390455CB-DFA6-4637-A0A5-183CDBA14F6A}.Release|Any CPU.Build.0 = Release|Any CPU
		{4570390F-03CF-45FD-9F63-6759E0799EC8}.Debug|Any CPU.ActiveCfg = Debug|Any CPU
		{4570390F-03CF-45FD-9F63-6759E0799EC8}.Debug|Any CPU.Build.0 = Debug|Any CPU
		{4570390F-03CF-45FD-9F63-6759E0799EC8}.Release|Any CPU.ActiveCfg = Release|Any CPU
		{4570390F-03CF-45FD-9F63-6759E0799EC8}.Release|Any CPU.Build.0 = Release|Any CPU
		{22166753-A0DA-4CC4-A226-D3F310C3FA52}.Debug|Any CPU.ActiveCfg = Debug|Any CPU
		{22166753-A0DA-4CC4-A226-D3F310C3FA52}.Debug|Any CPU.Build.0 = Debug|Any CPU
		{22166753-A0DA-4CC4-A226-D3F310C3FA52}.Release|Any CPU.ActiveCfg = Release|Any CPU
		{22166753-A0DA-4CC4-A226-D3F310C3FA52}.Release|Any CPU.Build.0 = Release|Any CPU
		{A5D14BDF-18C7-4D8D-BD19-0DE4CD637EB9}.Debug|Any CPU.ActiveCfg = Debug|Any CPU
		{A5D14BDF-18C7-4D8D-BD19-0DE4CD637EB9}.Debug|Any CPU.Build.0 = Debug|Any CPU
		{A5D14BDF-18C7-4D8D-BD19-0DE4CD637EB9}.Release|Any CPU.ActiveCfg = Release|Any CPU
		{A5D14BDF-18C7-4D8D-BD19-0DE4CD637EB9}.Release|Any CPU.Build.0 = Release|Any CPU
		{775FDFF4-91E8-45EB-89B4-0B1B1EFBE8F8}.Debug|Any CPU.ActiveCfg = Debug|Any CPU
		{775FDFF4-91E8-45EB-89B4-0B1B1EFBE8F8}.Debug|Any CPU.Build.0 = Debug|Any CPU
		{775FDFF4-91E8-45EB-89B4-0B1B1EFBE8F8}.Release|Any CPU.ActiveCfg = Release|Any CPU
		{775FDFF4-91E8-45EB-89B4-0B1B1EFBE8F8}.Release|Any CPU.Build.0 = Release|Any CPU
		{311298A0-BE32-4E24-B047-98F12FBD66EC}.Debug|Any CPU.ActiveCfg = Debug|Any CPU
		{311298A0-BE32-4E24-B047-98F12FBD66EC}.Debug|Any CPU.Build.0 = Debug|Any CPU
		{311298A0-BE32-4E24-B047-98F12FBD66EC}.Release|Any CPU.ActiveCfg = Release|Any CPU
		{311298A0-BE32-4E24-B047-98F12FBD66EC}.Release|Any CPU.Build.0 = Release|Any CPU
		{52597103-F509-40CF-98AD-57AE33D79A40}.Debug|Any CPU.ActiveCfg = Debug|Any CPU
		{52597103-F509-40CF-98AD-57AE33D79A40}.Debug|Any CPU.Build.0 = Debug|Any CPU
		{52597103-F509-40CF-98AD-57AE33D79A40}.Release|Any CPU.ActiveCfg = Release|Any CPU
		{52597103-F509-40CF-98AD-57AE33D79A40}.Release|Any CPU.Build.0 = Release|Any CPU
		{775040CC-72C5-4530-A924-EB60EAB0CCB7}.Debug|Any CPU.ActiveCfg = Debug|Any CPU
		{775040CC-72C5-4530-A924-EB60EAB0CCB7}.Debug|Any CPU.Build.0 = Debug|Any CPU
		{775040CC-72C5-4530-A924-EB60EAB0CCB7}.Release|Any CPU.ActiveCfg = Release|Any CPU
		{775040CC-72C5-4530-A924-EB60EAB0CCB7}.Release|Any CPU.Build.0 = Release|Any CPU
		{831DAFE7-3930-4F76-B1E6-54FB9A7C6D4C}.Debug|Any CPU.ActiveCfg = Debug|Any CPU
		{831DAFE7-3930-4F76-B1E6-54FB9A7C6D4C}.Debug|Any CPU.Build.0 = Debug|Any CPU
		{831DAFE7-3930-4F76-B1E6-54FB9A7C6D4C}.Release|Any CPU.ActiveCfg = Release|Any CPU
		{831DAFE7-3930-4F76-B1E6-54FB9A7C6D4C}.Release|Any CPU.Build.0 = Release|Any CPU
		{FB0FF790-3A1E-4431-BC62-E1B0D0C16ABB}.Debug|Any CPU.ActiveCfg = Debug|Any CPU
		{FB0FF790-3A1E-4431-BC62-E1B0D0C16ABB}.Debug|Any CPU.Build.0 = Debug|Any CPU
		{FB0FF790-3A1E-4431-BC62-E1B0D0C16ABB}.Release|Any CPU.ActiveCfg = Release|Any CPU
		{FB0FF790-3A1E-4431-BC62-E1B0D0C16ABB}.Release|Any CPU.Build.0 = Release|Any CPU
		{F4D6DDBA-A26F-4877-9236-1CE06CB6F47C}.Debug|Any CPU.ActiveCfg = Debug|Any CPU
		{F4D6DDBA-A26F-4877-9236-1CE06CB6F47C}.Debug|Any CPU.Build.0 = Debug|Any CPU
		{F4D6DDBA-A26F-4877-9236-1CE06CB6F47C}.Release|Any CPU.ActiveCfg = Release|Any CPU
		{F4D6DDBA-A26F-4877-9236-1CE06CB6F47C}.Release|Any CPU.Build.0 = Release|Any CPU
		{AA08995B-6995-446C-BC69-FBBCF19C65FE}.Debug|Any CPU.ActiveCfg = Debug|Any CPU
		{AA08995B-6995-446C-BC69-FBBCF19C65FE}.Debug|Any CPU.Build.0 = Debug|Any CPU
		{AA08995B-6995-446C-BC69-FBBCF19C65FE}.Release|Any CPU.ActiveCfg = Release|Any CPU
		{AA08995B-6995-446C-BC69-FBBCF19C65FE}.Release|Any CPU.Build.0 = Release|Any CPU
		{E8847A11-1A87-402A-93AD-A589F2653839}.Debug|Any CPU.ActiveCfg = Debug|Any CPU
		{E8847A11-1A87-402A-93AD-A589F2653839}.Debug|Any CPU.Build.0 = Debug|Any CPU
		{E8847A11-1A87-402A-93AD-A589F2653839}.Release|Any CPU.ActiveCfg = Release|Any CPU
		{E8847A11-1A87-402A-93AD-A589F2653839}.Release|Any CPU.Build.0 = Release|Any CPU
		{E164E582-54AB-4FEC-A2B5-B422EB00D64E}.Debug|Any CPU.ActiveCfg = Debug|Any CPU
		{E164E582-54AB-4FEC-A2B5-B422EB00D64E}.Debug|Any CPU.Build.0 = Debug|Any CPU
		{E164E582-54AB-4FEC-A2B5-B422EB00D64E}.Release|Any CPU.ActiveCfg = Release|Any CPU
		{E164E582-54AB-4FEC-A2B5-B422EB00D64E}.Release|Any CPU.Build.0 = Release|Any CPU
		{468BF4F2-05B1-4DE1-B66E-0A08A86E18BD}.Debug|Any CPU.ActiveCfg = Debug|Any CPU
		{468BF4F2-05B1-4DE1-B66E-0A08A86E18BD}.Debug|Any CPU.Build.0 = Debug|Any CPU
		{468BF4F2-05B1-4DE1-B66E-0A08A86E18BD}.Release|Any CPU.ActiveCfg = Release|Any CPU
		{468BF4F2-05B1-4DE1-B66E-0A08A86E18BD}.Release|Any CPU.Build.0 = Release|Any CPU
		{A5216062-135C-4057-9037-2BAE38C36218}.Debug|Any CPU.ActiveCfg = Debug|Any CPU
		{A5216062-135C-4057-9037-2BAE38C36218}.Debug|Any CPU.Build.0 = Debug|Any CPU
		{A5216062-135C-4057-9037-2BAE38C36218}.Release|Any CPU.ActiveCfg = Release|Any CPU
		{A5216062-135C-4057-9037-2BAE38C36218}.Release|Any CPU.Build.0 = Release|Any CPU
		{5AB241DC-038F-4CC0-A0DE-ABE7F03C6726}.Debug|Any CPU.ActiveCfg = Debug|Any CPU
		{5AB241DC-038F-4CC0-A0DE-ABE7F03C6726}.Debug|Any CPU.Build.0 = Debug|Any CPU
		{5AB241DC-038F-4CC0-A0DE-ABE7F03C6726}.Release|Any CPU.ActiveCfg = Release|Any CPU
		{5AB241DC-038F-4CC0-A0DE-ABE7F03C6726}.Release|Any CPU.Build.0 = Release|Any CPU
		{E77BB296-8F67-46D2-A70C-4BD4AF132835}.Debug|Any CPU.ActiveCfg = Debug|Any CPU
		{E77BB296-8F67-46D2-A70C-4BD4AF132835}.Debug|Any CPU.Build.0 = Debug|Any CPU
		{E77BB296-8F67-46D2-A70C-4BD4AF132835}.Release|Any CPU.ActiveCfg = Release|Any CPU
		{E77BB296-8F67-46D2-A70C-4BD4AF132835}.Release|Any CPU.Build.0 = Release|Any CPU
		{523909C2-3795-45D0-8293-301A7D14F437}.Debug|Any CPU.ActiveCfg = Debug|Any CPU
		{523909C2-3795-45D0-8293-301A7D14F437}.Debug|Any CPU.Build.0 = Debug|Any CPU
		{523909C2-3795-45D0-8293-301A7D14F437}.Release|Any CPU.ActiveCfg = Release|Any CPU
		{523909C2-3795-45D0-8293-301A7D14F437}.Release|Any CPU.Build.0 = Release|Any CPU
		{563E9FE1-18EB-4719-8E26-24EBDAF14582}.Debug|Any CPU.ActiveCfg = Debug|Any CPU
		{563E9FE1-18EB-4719-8E26-24EBDAF14582}.Debug|Any CPU.Build.0 = Debug|Any CPU
		{563E9FE1-18EB-4719-8E26-24EBDAF14582}.Release|Any CPU.ActiveCfg = Release|Any CPU
		{563E9FE1-18EB-4719-8E26-24EBDAF14582}.Release|Any CPU.Build.0 = Release|Any CPU
		{A4A8407D-5C12-4D42-A19D-35B0FC9F9164}.Debug|Any CPU.ActiveCfg = Debug|Any CPU
		{A4A8407D-5C12-4D42-A19D-35B0FC9F9164}.Debug|Any CPU.Build.0 = Debug|Any CPU
		{A4A8407D-5C12-4D42-A19D-35B0FC9F9164}.Release|Any CPU.ActiveCfg = Release|Any CPU
		{A4A8407D-5C12-4D42-A19D-35B0FC9F9164}.Release|Any CPU.Build.0 = Release|Any CPU
		{F7F5612D-374F-45A5-9028-7170603AF368}.Debug|Any CPU.ActiveCfg = Debug|Any CPU
		{F7F5612D-374F-45A5-9028-7170603AF368}.Debug|Any CPU.Build.0 = Debug|Any CPU
		{F7F5612D-374F-45A5-9028-7170603AF368}.Release|Any CPU.ActiveCfg = Release|Any CPU
		{F7F5612D-374F-45A5-9028-7170603AF368}.Release|Any CPU.Build.0 = Release|Any CPU
		{DFF0C162-30B8-4720-A254-0DFE04FA5214}.Debug|Any CPU.ActiveCfg = Debug|Any CPU
		{DFF0C162-30B8-4720-A254-0DFE04FA5214}.Debug|Any CPU.Build.0 = Debug|Any CPU
		{DFF0C162-30B8-4720-A254-0DFE04FA5214}.Release|Any CPU.ActiveCfg = Release|Any CPU
		{DFF0C162-30B8-4720-A254-0DFE04FA5214}.Release|Any CPU.Build.0 = Release|Any CPU
	EndGlobalSection
	GlobalSection(SolutionProperties) = preSolution
		HideSolutionNode = FALSE
	EndGlobalSection
	GlobalSection(ExtensibilityGlobals) = postSolution
		SolutionGuid = {2B181962-EDEE-449E-B319-8E118F408992}
	EndGlobalSection
EndGlobal
